
Microsoft Visual Studio Solution File, Format Version 12.00
# Visual Studio 15
Project("{FAE04EC0-301F-11D3-BF4B-00C04F79EFBC}") = "ReceiveLogsDirect", "ReceiveLogsDirect.csproj", "{9EAB0E3C-3766-4A48-9482-9EA3130A51BC}"
EndProject
Global
	GlobalSection(SolutionConfigurationPlatforms) = preSolution
		Debug|Any CPU = Debug|Any CPU
		Release|Any CPU = Release|Any CPU
	EndGlobalSection
	GlobalSection(ProjectConfigurationPlatforms) = postSolution
		{9EAB0E3C-3766-4A48-9482-9EA3130A51BC}.Debug|Any CPU.ActiveCfg = Debug|Any CPU
		{9EAB0E3C-3766-4A48-9482-9EA3130A51BC}.Debug|Any CPU.Build.0 = Debug|Any CPU
		{9EAB0E3C-3766-4A48-9482-9EA3130A51BC}.Release|Any CPU.ActiveCfg = Release|Any CPU
		{9EAB0E3C-3766-4A48-9482-9EA3130A51BC}.Release|Any CPU.Build.0 = Release|Any CPU
	EndGlobalSection
EndGlobal
